
Microsoft Visual Studio Solution File, Format Version 12.00
# Visual Studio Version 17
VisualStudioVersion = 17.14.36121.58 d17.14
MinimumVisualStudioVersion = 10.0.40219.1
Project("{FAE04EC0-301F-11D3-BF4B-00C04F79EFBC}") = "CurrencyExchangeMVC", "CurrencyExchangeMVC\CurrencyExchangeMVC.csproj", "{562EC5DC-6C3F-433E-9B31-857448F96FEF}"
EndProject
Global
	GlobalSection(SolutionConfigurationPlatforms) = preSolution
		Debug|Any CPU = Debug|Any CPU
		Release|Any CPU = Release|Any CPU
	EndGlobalSection
	GlobalSection(ProjectConfigurationPlatforms) = postSolution
		{562EC5DC-6C3F-433E-9B31-857448F96FEF}.Debug|Any CPU.ActiveCfg = Debug|Any CPU
		{562EC5DC-6C3F-433E-9B31-857448F96FEF}.Debug|Any CPU.Build.0 = Debug|Any CPU
		{562EC5DC-6C3F-433E-9B31-857448F96FEF}.Release|Any CPU.ActiveCfg = Release|Any CPU
		{562EC5DC-6C3F-433E-9B31-857448F96FEF}.Release|Any CPU.Build.0 = Release|Any CPU
	EndGlobalSection
	GlobalSection(SolutionProperties) = preSolution
		HideSolutionNode = FALSE
	EndGlobalSection
	GlobalSection(ExtensibilityGlobals) = postSolution
		SolutionGuid = {C373EC1B-CD98-4A17-AA18-1DE8421409CC}
	EndGlobalSection
EndGlobal
